// !$*UTF8*$!
{
	archiveVersion = 1;
	classes = {
	};
	objectVersion = 56;
	objects = {

/* Begin PBXBuildFile section */
		DC08295E2B5D5F1F0062FD14 /* AppDelegate.swift in Sources */ = {isa = PBXBuildFile; fileRef = DC08295D2B5D5F1F0062FD14 /* AppDelegate.swift */; };
		DC0829602B5D5F1F0062FD14 /* SceneDelegate.swift in Sources */ = {isa = PBXBuildFile; fileRef = DC08295F2B5D5F1F0062FD14 /* SceneDelegate.swift */; };
		DC0829622B5D5F1F0062FD14 /* ViewController.swift in Sources */ = {isa = PBXBuildFile; fileRef = DC0829612B5D5F1F0062FD14 /* ViewController.swift */; };
		DC0829652B5D5F1F0062FD14 /* Main.storyboard in Resources */ = {isa = PBXBuildFile; fileRef = DC0829632B5D5F1F0062FD14 /* Main.storyboard */; };
		DC0829672B5D5F200062FD14 /* Assets.xcassets in Resources */ = {isa = PBXBuildFile; fileRef = DC0829662B5D5F200062FD14 /* Assets.xcassets */; };
		DC08296A2B5D5F200062FD14 /* LaunchScreen.storyboard in Resources */ = {isa = PBXBuildFile; fileRef = DC0829682B5D5F200062FD14 /* LaunchScreen.storyboard */; };
		DC0829722B5D5F3C0062FD14 /* ConnectivityManager.swift in Sources */ = {isa = PBXBuildFile; fileRef = DC0829712B5D5F3C0062FD14 /* ConnectivityManager.swift */; };
/* End PBXBuildFile section */

/* Begin PBXFileReference section */
		DC08295A2B5D5F1F0062FD14 /* TestConnectivity.app */ = {isa = PBXFileReference; explicitFileType = wrapper.application; includeInIndex = 0; path = TestConnectivity.app; sourceTree = BUILT_PRODUCTS_DIR; };
		DC08295D2B5D5F1F0062FD14 /* AppDelegate.swift */ = {isa = PBXFileReference; lastKnownFileType = sourcecode.swift; path = AppDelegate.swift; sourceTree = "<group>"; };
		DC08295F2B5D5F1F0062FD14 /* SceneDelegate.swift */ = {isa = PBXFileReference; lastKnownFileType = sourcecode.swift; path = SceneDelegate.swift; sourceTree = "<group>"; };
		DC0829612B5D5F1F0062FD14 /* ViewController.swift */ = {isa = PBXFileReference; lastKnownFileType = sourcecode.swift; path = ViewController.swift; sourceTree = "<group>"; };
		DC0829642B5D5F1F0062FD14 /* Base */ = {isa = PBXFileReference; lastKnownFileType = file.storyboard; name = Base; path = Base.lproj/Main.storyboard; sourceTree = "<group>"; };
		DC0829662B5D5F200062FD14 /* Assets.xcassets */ = {isa = PBXFileReference; lastKnownFileType = folder.assetcatalog; path = Assets.xcassets; sourceTree = "<group>"; };
		DC0829692B5D5F200062FD14 /* Base */ = {isa = PBXFileReference; lastKnownFileType = file.storyboard; name = Base; path = Base.lproj/LaunchScreen.storyboard; sourceTree = "<group>"; };
		DC08296B2B5D5F200062FD14 /* Info.plist */ = {isa = PBXFileReference; lastKnownFileType = text.plist.xml; path = Info.plist; sourceTree = "<group>"; };
		DC0829712B5D5F3C0062FD14 /* ConnectivityManager.swift */ = {isa = PBXFileReference; lastKnownFileType = sourcecode.swift; path = ConnectivityManager.swift; sourceTree = "<group>"; };
/* End PBXFileReference section */

/* Begin PBXFrameworksBuildPhase section */
		DC0829572B5D5F1F0062FD14 /* Frameworks */ = {
			isa = PBXFrameworksBuildPhase;
			buildActionMask = 2147483647;
			files = (
			);
			runOnlyForDeploymentPostprocessing = 0;
		};
/* End PBXFrameworksBuildPhase section */

/* Begin PBXGroup section */
		DC0829512B5D5F1F0062FD14 = {
			isa = PBXGroup;
			children = (
				DC08295C2B5D5F1F0062FD14 /* TestConnectivity */,
				DC08295B2B5D5F1F0062FD14 /* Products */,
			);
			sourceTree = "<group>";
		};
		DC08295B2B5D5F1F0062FD14 /* Products */ = {
			isa = PBXGroup;
			children = (
				DC08295A2B5D5F1F0062FD14 /* TestConnectivity.app */,
			);
			name = Products;
			sourceTree = "<group>";
		};
		DC08295C2B5D5F1F0062FD14 /* TestConnectivity */ = {
			isa = PBXGroup;
			children = (
				DC08295D2B5D5F1F0062FD14 /* AppDelegate.swift */,
				DC08295F2B5D5F1F0062FD14 /* SceneDelegate.swift */,
				DC0829612B5D5F1F0062FD14 /* ViewController.swift */,
				DC0829632B5D5F1F0062FD14 /* Main.storyboard */,
				DC0829682B5D5F200062FD14 /* LaunchScreen.storyboard */,
				DC0829662B5D5F200062FD14 /* Assets.xcassets */,
				DC08296B2B5D5F200062FD14 /* Info.plist */,
				DC0829712B5D5F3C0062FD14 /* ConnectivityManager.swift */,
			);
			path = TestConnectivity;
			sourceTree = "<group>";
		};
/* End PBXGroup section */

/* Begin PBXNativeTarget section */
		DC0829592B5D5F1F0062FD14 /* TestConnectivity */ = {
			isa = PBXNativeTarget;
			buildConfigurationList = DC08296E2B5D5F200062FD14 /* Build configuration list for PBXNativeTarget "TestConnectivity" */;
			buildPhases = (
				DC0829562B5D5F1F0062FD14 /* Sources */,
				DC0829572B5D5F1F0062FD14 /* Frameworks */,
				DC0829582B5D5F1F0062FD14 /* Resources */,
			);
			buildRules = (
			);
			dependencies = (
			);
			name = TestConnectivity;
			productName = TestConnectivity;
			productReference = DC08295A2B5D5F1F0062FD14 /* TestConnectivity.app */;
			productType = "com.apple.product-type.application";
		};
/* End PBXNativeTarget section */

/* Begin PBXProject section */
		DC0829522B5D5F1F0062FD14 /* Project object */ = {
			isa = PBXProject;
			attributes = {
				BuildIndependentTargetsInParallel = 1;
				LastSwiftUpdateCheck = 1520;
				LastUpgradeCheck = 1520;
				TargetAttributes = {
					DC0829592B5D5F1F0062FD14 = {
						CreatedOnToolsVersion = 15.2;
					};
				};
			};
			buildConfigurationList = DC0829552B5D5F1F0062FD14 /* Build configuration list for PBXProject "TestConnectivity" */;
			compatibilityVersion = "Xcode 14.0";
			developmentRegion = en;
			hasScannedForEncodings = 0;
			knownRegions = (
				en,
				Base,
			);
			mainGroup = DC0829512B5D5F1F0062FD14;
			productRefGroup = DC08295B2B5D5F1F0062FD14 /* Products */;
			projectDirPath = "";
			projectRoot = "";
			targets = (
				DC0829592B5D5F1F0062FD14 /* TestConnectivity */,
			);
		};
/* End PBXProject section */

/* Begin PBXResourcesBuildPhase section */
		DC0829582B5D5F1F0062FD14 /* Resources */ = {
			isa = PBXResourcesBuildPhase;
			buildActionMask = 2147483647;
			files = (
				DC08296A2B5D5F200062FD14 /* LaunchScreen.storyboard in Resources */,
				DC0829672B5D5F200062FD14 /* Assets.xcassets in Resources */,
				DC0829652B5D5F1F0062FD14 /* Main.storyboard in Resources */,
			);
			runOnlyForDeploymentPostprocessing = 0;
		};
/* End PBXResourcesBuildPhase section */

/* Begin PBXSourcesBuildPhase section */
		DC0829562B5D5F1F0062FD14 /* Sources */ = {
			isa = PBXSourcesBuildPhase;
			buildActionMask = 2147483647;
			files = (
				DC0829622B5D5F1F0062FD14 /* ViewController.swift in Sources */,
				DC08295E2B5D5F1F0062FD14 /* AppDelegate.swift in Sources */,
				DC0829722B5D5F3C0062FD14 /* ConnectivityManager.swift in Sources */,
				DC0829602B5D5F1F0062FD14 /* SceneDelegate.swift in Sources */,
			);
			runOnlyForDeploymentPostprocessing = 0;
		};
/* End PBXSourcesBuildPhase section */

/* Begin PBXVariantGroup section */
		DC0829632B5D5F1F0062FD14 /* Main.storyboard */ = {
			isa = PBXVariantGroup;
			children = (
				DC0829642B5D5F1F0062FD14 /* Base */,
			);
			name = Main.storyboard;
			sourceTree = "<group>";
		};
		DC0829682B5D5F200062FD14 /* LaunchScreen.storyboard */ = {
			isa = PBXVariantGroup;
			children = (
				DC0829692B5D5F200062FD14 /* Base */,
			);
			name = LaunchScreen.storyboard;
			sourceTree = "<group>";
		};
/* End PBXVariantGroup section */

/* Begin XCBuildConfiguration section */
		DC08296C2B5D5F200062FD14 /* Debug */ = {
			isa = XCBuildConfiguration;
			buildSettings = {
				ALWAYS_SEARCH_USER_PATHS = NO;
				ASSETCATALOG_COMPILER_GENERATE_SWIFT_ASSET_SYMBOL_EXTENSIONS = YES;
				CLANG_ANALYZER_NONNULL = YES;
				CLANG_ANALYZER_NUMBER_OBJECT_CONVERSION = YES_AGGRESSIVE;
				CLANG_CXX_LANGUAGE_STANDARD = "gnu++20";
				CLANG_ENABLE_MODULES = YES;
				CLANG_ENABLE_OBJC_ARC = YES;
				CLANG_ENABLE_OBJC_WEAK = YES;
				CLANG_WARN_BLOCK_CAPTURE_AUTORELEASING = YES;
				CLANG_WARN_BOOL_CONVERSION = YES;
				CLANG_WARN_COMMA = YES;
				CLANG_WARN_CONSTANT_CONVERSION = YES;
				CLANG_WARN_DEPRECATED_OBJC_IMPLEMENTATIONS = YES;
				CLANG_WARN_DIRECT_OBJC_ISA_USAGE = YES_ERROR;
				CLANG_WARN_DOCUMENTATION_COMMENTS = YES;
				CLANG_WARN_EMPTY_BODY = YES;
				CLANG_WARN_ENUM_CONVERSION = YES;
				CLANG_WARN_INFINITE_RECURSION = YES;
				CLANG_WARN_INT_CONVERSION = YES;
				CLANG_WARN_NON_LITERAL_NULL_CONVERSION = YES;
				CLANG_WARN_OBJC_IMPLICIT_RETAIN_SELF = YES;
				CLANG_WARN_OBJC_LITERAL_CONVERSION = YES;
				CLANG_WARN_OBJC_ROOT_CLASS = YES_ERROR;
				CLANG_WARN_QUOTED_INCLUDE_IN_FRAMEWORK_HEADER = YES;
				CLANG_WARN_RANGE_LOOP_ANALYSIS = YES;
				CLANG_WARN_STRICT_PROTOTYPES = YES;
				CLANG_WARN_SUSPICIOUS_MOVE = YES;
				CLANG_WARN_UNGUARDED_AVAILABILITY = YES_AGGRESSIVE;
				CLANG_WARN_UNREACHABLE_CODE = YES;
				CLANG_WARN__DUPLICATE_METHOD_MATCH = YES;
				COPY_PHASE_STRIP = NO;
				DEBUG_INFORMATION_FORMAT = dwarf;
				ENABLE_STRICT_OBJC_MSGSEND = YES;
				ENABLE_TESTABILITY = YES;
				ENABLE_USER_SCRIPT_SANDBOXING = YES;
				GCC_C_LANGUAGE_STANDARD = gnu17;
				GCC_DYNAMIC_NO_PIC = NO;
				GCC_NO_COMMON_BLOCKS = YES;
				GCC_OPTIMIZATION_LEVEL = 0;
				GCC_PREPROCESSOR_DEFINITIONS = (
					"DEBUG=1",
					"$(inherited)",
				);
				GCC_WARN_64_TO_32_BIT_CONVERSION = YES;
				GCC_WARN_ABOUT_RETURN_TYPE = YES_ERROR;
				GCC_WARN_UNDECLARED_SELECTOR = YES;
				GCC_WARN_UNINITIALIZED_AUTOS = YES_AGGRESSIVE;
				GCC_WARN_UNUSED_FUNCTION = YES;
				GCC_WARN_UNUSED_VARIABLE = YES;
				IPHONEOS_DEPLOYMENT_TARGET = 17.2;
				LOCALIZATION_PREFERS_STRING_CATALOGS = YES;
				MTL_ENABLE_DEBUG_INFO = INCLUDE_SOURCE;
				MTL_FAST_MATH = YES;
				ONLY_ACTIVE_ARCH = YES;
				SDKROOT = iphoneos;
				SWIFT_ACTIVE_COMPILATION_CONDITIONS = "DEBUG $(inherited)";
				SWIFT_OPTIMIZATION_LEVEL = "-Onone";
			};
			name = Debug;
		};
		DC08296D2B5D5F200062FD14 /* Release */ = {
			isa = XCBuildConfiguration;
			buildSettings = {
				ALWAYS_SEARCH_USER_PATHS = NO;
				ASSETCATALOG_COMPILER_GENERATE_SWIFT_ASSET_SYMBOL_EXTENSIONS = YES;
				CLANG_ANALYZER_NONNULL = YES;
				CLANG_ANALYZER_NUMBER_OBJECT_CONVERSION = YES_AGGRESSIVE;
				CLANG_CXX_LANGUAGE_STANDARD = "gnu++20";
				CLANG_ENABLE_MODULES = YES;
				CLANG_ENABLE_OBJC_ARC = YES;
				CLANG_ENABLE_OBJC_WEAK = YES;
				CLANG_WARN_BLOCK_CAPTURE_AUTORELEASING = YES;
				CLANG_WARN_BOOL_CONVERSION = YES;
				CLANG_WARN_COMMA = YES;
				CLANG_WARN_CONSTANT_CONVERSION = YES;
				CLANG_WARN_DEPRECATED_OBJC_IMPLEMENTATIONS = YES;
				CLANG_WARN_DIRECT_OBJC_ISA_USAGE = YES_ERROR;
				CLANG_WARN_DOCUMENTATION_COMMENTS = YES;
				CLANG_WARN_EMPTY_BODY = YES;
				CLANG_WARN_ENUM_CONVERSION = YES;
				CLANG_WARN_INFINITE_RECURSION = YES;
				CLANG_WARN_INT_CONVERSION = YES;
				CLANG_WARN_NON_LITERAL_NULL_CONVERSION = YES;
				CLANG_WARN_OBJC_IMPLICIT_RETAIN_SELF = YES;
				CLANG_WARN_OBJC_LITERAL_CONVERSION = YES;
				CLANG_WARN_OBJC_ROOT_CLASS = YES_ERROR;
				CLANG_WARN_QUOTED_INCLUDE_IN_FRAMEWORK_HEADER = YES;
				CLANG_WARN_RANGE_LOOP_ANALYSIS = YES;
				CLANG_WARN_STRICT_PROTOTYPES = YES;
				CLANG_WARN_SUSPICIOUS_MOVE = YES;
				CLANG_WARN_UNGUARDED_AVAILABILITY = YES_AGGRESSIVE;
				CLANG_WARN_UNREACHABLE_CODE = YES;
				CLANG_WARN__DUPLICATE_METHOD_MATCH = YES;
				COPY_PHASE_STRIP = NO;
				DEBUG_INFORMATION_FORMAT = "dwarf-with-dsym";
				ENABLE_NS_ASSERTIONS = NO;
				ENABLE_STRICT_OBJC_MSGSEND = YES;
				ENABLE_USER_SCRIPT_SANDBOXING = YES;
				GCC_C_LANGUAGE_STANDARD = gnu17;
				GCC_NO_COMMON_BLOCKS = YES;
				GCC_WARN_64_TO_32_BIT_CONVERSION = YES;
				GCC_WARN_ABOUT_RETURN_TYPE = YES_ERROR;
				GCC_WARN_UNDECLARED_SELECTOR = YES;
				GCC_WARN_UNINITIALIZED_AUTOS = YES_AGGRESSIVE;
				GCC_WARN_UNUSED_FUNCTION = YES;
				GCC_WARN_UNUSED_VARIABLE = YES;
				IPHONEOS_DEPLOYMENT_TARGET = 17.2;
				LOCALIZATION_PREFERS_STRING_CATALOGS = YES;
				MTL_ENABLE_DEBUG_INFO = NO;
				MTL_FAST_MATH = YES;
				SDKROOT = iphoneos;
				SWIFT_COMPILATION_MODE = wholemodule;
				VALIDATE_PRODUCT = YES;
			};
			name = Release;
		};
		DC08296F2B5D5F200062FD14 /* Debug */ = {
			isa = XCBuildConfiguration;
			buildSettings = {
				ASSETCATALOG_COMPILER_APPICON_NAME = AppIcon;
				ASSETCATALOG_COMPILER_GLOBAL_ACCENT_COLOR_NAME = AccentColor;
				CODE_SIGN_STYLE = Automatic;
				CURRENT_PROJECT_VERSION = 1;
				DEVELOPMENT_TEAM = N455B9353D;
				GENERATE_INFOPLIST_FILE = YES;
				INFOPLIST_FILE = TestConnectivity/Info.plist;
				INFOPLIST_KEY_UIApplicationSupportsIndirectInputEvents = YES;
				INFOPLIST_KEY_UILaunchStoryboardName = LaunchScreen;
				INFOPLIST_KEY_UIMainStoryboardFile = Main;
				INFOPLIST_KEY_UISupportedInterfaceOrientations_iPad = "UIInterfaceOrientationPortrait UIInterfaceOrientationPortraitUpsideDown UIInterfaceOrientationLandscapeLeft UIInterfaceOrientationLandscapeRight";
				INFOPLIST_KEY_UISupportedInterfaceOrientations_iPhone = "UIInterfaceOrientationPortrait UIInterfaceOrientationLandscapeLeft UIInterfaceOrientationLandscapeRight";
				LD_RUNPATH_SEARCH_PATHS = (
					"$(inherited)",
					"@executable_path/Frameworks",
				);
				MARKETING_VERSION = 1.0;
				PRODUCT_BUNDLE_IDENTIFIER = com.binshakerr.TestConnectivity;
				PRODUCT_NAME = "$(TARGET_NAME)";
				SWIFT_EMIT_LOC_STRINGS = YES;
				SWIFT_VERSION = 5.0;
				TARGETED_DEVICE_FAMILY = "1,2";
			};
			name = Debug;
		};
		DC0829702B5D5F200062FD14 /* Release */ = {
			isa = XCBuildConfiguration;
			buildSettings = {
				ASSETCATALOG_COMPILER_APPICON_NAME = AppIcon;
				ASSETCATALOG_COMPILER_GLOBAL_ACCENT_COLOR_NAME = AccentColor;
				CODE_SIGN_STYLE = Automatic;
				CURRENT_PROJECT_VERSION = 1;
				DEVELOPMENT_TEAM = N455B9353D;
				GENERATE_INFOPLIST_FILE = YES;
				INFOPLIST_FILE = TestConnectivity/Info.plist;
				INFOPLIST_KEY_UIApplicationSupportsIndirectInputEvents = YES;
				INFOPLIST_KEY_UILaunchStoryboardName = LaunchScreen;
				INFOPLIST_KEY_UIMainStoryboardFile = Main;
				INFOPLIST_KEY_UISupportedInterfaceOrientations_iPad = "UIInterfaceOrientationPortrait UIInterfaceOrientationPortraitUpsideDown UIInterfaceOrientationLandscapeLeft UIInterfaceOrientationLandscapeRight";
				INFOPLIST_KEY_UISupportedInterfaceOrientations_iPhone = "UIInterfaceOrientationPortrait UIInterfaceOrientationLandscapeLeft UIInterfaceOrientationLandscapeRight";
				LD_RUNPATH_SEARCH_PATHS = (
					"$(inherited)",
					"@executable_path/Frameworks",
				);
				MARKETING_VERSION = 1.0;
				PRODUCT_BUNDLE_IDENTIFIER = com.binshakerr.TestConnectivity;
				PRODUCT_NAME = "$(TARGET_NAME)";
				SWIFT_EMIT_LOC_STRINGS = YES;
				SWIFT_VERSION = 5.0;
				TARGETED_DEVICE_FAMILY = "1,2";
			};
			name = Release;
		};
/* End XCBuildConfiguration section */

/* Begin XCConfigurationList section */
		DC0829552B5D5F1F0062FD14 /* Build configuration list for PBXProject "TestConnectivity" */ = {
			isa = XCConfigurationList;
			buildConfigurations = (
				DC08296C2B5D5F200062FD14 /* Debug */,
				DC08296D2B5D5F200062FD14 /* Release */,
			);
			defaultConfigurationIsVisible = 0;
			defaultConfigurationName = Release;
		};
		DC08296E2B5D5F200062FD14 /* Build configuration list for PBXNativeTarget "TestConnectivity" */ = {
			isa = XCConfigurationList;
			buildConfigurations = (
				DC08296F2B5D5F200062FD14 /* Debug */,
				DC0829702B5D5F200062FD14 /* Release */,
			);
			defaultConfigurationIsVisible = 0;
			defaultConfigurationName = Release;
		};
/* End XCConfigurationList section */
	};
	rootObject = DC0829522B5D5F1F0062FD14 /* Project object */;
}
